// !$*UTF8*$!
{
	archiveVersion = 1;
	classes = {
	};
	objectVersion = 46;
	objects = {

/* Begin PBXBuildFile section */
		29A6C6651DD07F6000B954ED /* TweetersTableViewController.swift in Sources */ = {isa = PBXBuildFile; fileRef = 29A6C6641DD07F6000B954ED /* TweetersTableViewController.swift */; };
		29A6C6891DD081C000B954ED /* Model.xcdatamodeld in Sources */ = {isa = PBXBuildFile; fileRef = 29A6C6871DD081C000B954ED /* Model.xcdatamodeld */; };
		29A6C68E1DD084EC00B954ED /* TwitterUser+CoreDataClass.swift in Sources */ = {isa = PBXBuildFile; fileRef = 29A6C68A1DD084EC00B954ED /* TwitterUser+CoreDataClass.swift */; };
		29A6C68F1DD084EC00B954ED /* TwitterUser+CoreDataProperties.swift in Sources */ = {isa = PBXBuildFile; fileRef = 29A6C68B1DD084EC00B954ED /* TwitterUser+CoreDataProperties.swift */; };
		29A6C6901DD084EC00B954ED /* Tweet+CoreDataClass.swift in Sources */ = {isa = PBXBuildFile; fileRef = 29A6C68C1DD084EC00B954ED /* Tweet+CoreDataClass.swift */; };
		29A6C6911DD084EC00B954ED /* Tweet+CoreDataProperties.swift in Sources */ = {isa = PBXBuildFile; fileRef = 29A6C68D1DD084EC00B954ED /* Tweet+CoreDataProperties.swift */; };
		29B5A9631DD9BA280015DBDF /* CoreDataTableViewController.swift in Sources */ = {isa = PBXBuildFile; fileRef = 29B5A9621DD9BA280015DBDF /* CoreDataTableViewController.swift */; };
		29C0934B1DCB388100C09963 /* AppDelegate.swift in Sources */ = {isa = PBXBuildFile; fileRef = 29C0934A1DCB388100C09963 /* AppDelegate.swift */; };
		29C093501DCB388100C09963 /* Main.storyboard in Resources */ = {isa = PBXBuildFile; fileRef = 29C0934E1DCB388100C09963 /* Main.storyboard */; };
		29C093521DCB388100C09963 /* Assets.xcassets in Resources */ = {isa = PBXBuildFile; fileRef = 29C093511DCB388100C09963 /* Assets.xcassets */; };
		29C093551DCB388100C09963 /* LaunchScreen.storyboard in Resources */ = {isa = PBXBuildFile; fileRef = 29C093531DCB388100C09963 /* LaunchScreen.storyboard */; };
		29C0935E1DCB395A00C09963 /* TweetTableTableViewController.swift in Sources */ = {isa = PBXBuildFile; fileRef = 29C0935D1DCB395A00C09963 /* TweetTableTableViewController.swift */; };
		29C093771DCB87D700C09963 /* Twitter.framework in Frameworks */ = {isa = PBXBuildFile; fileRef = 29C093761DCB87D700C09963 /* Twitter.framework */; };
		29C093781DCB87D700C09963 /* Twitter.framework in Embed Frameworks */ = {isa = PBXBuildFile; fileRef = 29C093761DCB87D700C09963 /* Twitter.framework */; settings = {ATTRIBUTES = (CodeSignOnCopy, RemoveHeadersOnCopy, ); }; };
		29C0937A1DCB887500C09963 /* TweetTableViewCell.swift in Sources */ = {isa = PBXBuildFile; fileRef = 29C093791DCB887500C09963 /* TweetTableViewCell.swift */; };
/* End PBXBuildFile section */

/* Begin PBXCopyFilesBuildPhase section */
		29C093721DCB876400C09963 /* Embed Frameworks */ = {
			isa = PBXCopyFilesBuildPhase;
			buildActionMask = 2147483647;
			dstPath = "";
			dstSubfolderSpec = 10;
			files = (
				29C093781DCB87D700C09963 /* Twitter.framework in Embed Frameworks */,
			);
			name = "Embed Frameworks";
			runOnlyForDeploymentPostprocessing = 0;
		};
/* End PBXCopyFilesBuildPhase section */

/* Begin PBXFileReference section */
		29A6C6641DD07F6000B954ED /* TweetersTableViewController.swift */ = {isa = PBXFileReference; fileEncoding = 4; lastKnownFileType = sourcecode.swift; path = TweetersTableViewController.swift; sourceTree = "<group>"; };
		29A6C6881DD081C000B954ED /* Model.xcdatamodel */ = {isa = PBXFileReference; lastKnownFileType = wrapper.xcdatamodel; path = Model.xcdatamodel; sourceTree = "<group>"; };
		29A6C68A1DD084EC00B954ED /* TwitterUser+CoreDataClass.swift */ = {isa = PBXFileReference; fileEncoding = 4; lastKnownFileType = sourcecode.swift; path = "TwitterUser+CoreDataClass.swift"; sourceTree = "<group>"; };
		29A6C68B1DD084EC00B954ED /* TwitterUser+CoreDataProperties.swift */ = {isa = PBXFileReference; fileEncoding = 4; lastKnownFileType = sourcecode.swift; path = "TwitterUser+CoreDataProperties.swift"; sourceTree = "<group>"; };
		29A6C68C1DD084EC00B954ED /* Tweet+CoreDataClass.swift */ = {isa = PBXFileReference; fileEncoding = 4; lastKnownFileType = sourcecode.swift; path = "Tweet+CoreDataClass.swift"; sourceTree = "<group>"; };
		29A6C68D1DD084EC00B954ED /* Tweet+CoreDataProperties.swift */ = {isa = PBXFileReference; fileEncoding = 4; lastKnownFileType = sourcecode.swift; path = "Tweet+CoreDataProperties.swift"; sourceTree = "<group>"; };
		29B5A9621DD9BA280015DBDF /* CoreDataTableViewController.swift */ = {isa = PBXFileReference; fileEncoding = 4; lastKnownFileType = sourcecode.swift; path = CoreDataTableViewController.swift; sourceTree = "<group>"; };
		29C093471DCB388100C09963 /* Smashtag.app */ = {isa = PBXFileReference; explicitFileType = wrapper.application; includeInIndex = 0; path = Smashtag.app; sourceTree = BUILT_PRODUCTS_DIR; };
		29C0934A1DCB388100C09963 /* AppDelegate.swift */ = {isa = PBXFileReference; lastKnownFileType = sourcecode.swift; path = AppDelegate.swift; sourceTree = "<group>"; };
		29C0934F1DCB388100C09963 /* Base */ = {isa = PBXFileReference; lastKnownFileType = file.storyboard; name = Base; path = Base.lproj/Main.storyboard; sourceTree = "<group>"; };
		29C093511DCB388100C09963 /* Assets.xcassets */ = {isa = PBXFileReference; lastKnownFileType = folder.assetcatalog; path = Assets.xcassets; sourceTree = "<group>"; };
		29C093541DCB388100C09963 /* Base */ = {isa = PBXFileReference; lastKnownFileType = file.storyboard; name = Base; path = Base.lproj/LaunchScreen.storyboard; sourceTree = "<group>"; };
		29C093561DCB388100C09963 /* Info.plist */ = {isa = PBXFileReference; lastKnownFileType = text.plist.xml; path = Info.plist; sourceTree = "<group>"; };
		29C0935D1DCB395A00C09963 /* TweetTableTableViewController.swift */ = {isa = PBXFileReference; fileEncoding = 4; lastKnownFileType = sourcecode.swift; path = TweetTableTableViewController.swift; sourceTree = "<group>"; };
		29C093761DCB87D700C09963 /* Twitter.framework */ = {isa = PBXFileReference; explicitFileType = wrapper.framework; path = Twitter.framework; sourceTree = BUILT_PRODUCTS_DIR; };
		29C093791DCB887500C09963 /* TweetTableViewCell.swift */ = {isa = PBXFileReference; fileEncoding = 4; lastKnownFileType = sourcecode.swift; path = TweetTableViewCell.swift; sourceTree = "<group>"; };
/* End PBXFileReference section */

/* Begin PBXFrameworksBuildPhase section */
		29C093441DCB388100C09963 /* Frameworks */ = {
			isa = PBXFrameworksBuildPhase;
			buildActionMask = 2147483647;
			files = (
				29C093771DCB87D700C09963 /* Twitter.framework in Frameworks */,
			);
			runOnlyForDeploymentPostprocessing = 0;
		};
/* End PBXFrameworksBuildPhase section */

/* Begin PBXGroup section */
		29A6C6921DD09E4A00B954ED /* Core Data */ = {
			isa = PBXGroup;
			children = (
				29B5A9621DD9BA280015DBDF /* CoreDataTableViewController.swift */,
				29A6C68A1DD084EC00B954ED /* TwitterUser+CoreDataClass.swift */,
				29A6C68B1DD084EC00B954ED /* TwitterUser+CoreDataProperties.swift */,
				29A6C68C1DD084EC00B954ED /* Tweet+CoreDataClass.swift */,
				29A6C68D1DD084EC00B954ED /* Tweet+CoreDataProperties.swift */,
				29A6C6871DD081C000B954ED /* Model.xcdatamodeld */,
			);
			name = "Core Data";
			sourceTree = "<group>";
		};
		29C0933E1DCB388100C09963 = {
			isa = PBXGroup;
			children = (
				29C093761DCB87D700C09963 /* Twitter.framework */,
				29C093491DCB388100C09963 /* Smashtag */,
				29C093481DCB388100C09963 /* Products */,
			);
			sourceTree = "<group>";
		};
		29C093481DCB388100C09963 /* Products */ = {
			isa = PBXGroup;
			children = (
				29C093471DCB388100C09963 /* Smashtag.app */,
			);
			name = Products;
			sourceTree = "<group>";
		};
		29C093491DCB388100C09963 /* Smashtag */ = {
			isa = PBXGroup;
			children = (
				29A6C6921DD09E4A00B954ED /* Core Data */,
				29C0935C1DCB38F400C09963 /* Supporting Files */,
				29C0934E1DCB388100C09963 /* Main.storyboard */,
				29A6C6641DD07F6000B954ED /* TweetersTableViewController.swift */,
				29C093791DCB887500C09963 /* TweetTableViewCell.swift */,
				29C0935D1DCB395A00C09963 /* TweetTableTableViewController.swift */,
			);
			path = Smashtag;
			sourceTree = "<group>";
		};
		29C0935C1DCB38F400C09963 /* Supporting Files */ = {
			isa = PBXGroup;
			children = (
				29C0934A1DCB388100C09963 /* AppDelegate.swift */,
				29C093511DCB388100C09963 /* Assets.xcassets */,
				29C093531DCB388100C09963 /* LaunchScreen.storyboard */,
				29C093561DCB388100C09963 /* Info.plist */,
			);
			name = "Supporting Files";
			sourceTree = "<group>";
		};
/* End PBXGroup section */

/* Begin PBXNativeTarget section */
		29C093461DCB388100C09963 /* Smashtag */ = {
			isa = PBXNativeTarget;
			buildConfigurationList = 29C093591DCB388100C09963 /* Build configuration list for PBXNativeTarget "Smashtag" */;
			buildPhases = (
				29C093431DCB388100C09963 /* Sources */,
				29C093441DCB388100C09963 /* Frameworks */,
				29C093451DCB388100C09963 /* Resources */,
				29C093721DCB876400C09963 /* Embed Frameworks */,
			);
			buildRules = (
			);
			dependencies = (
			);
			name = Smashtag;
			productName = Smashtag;
			productReference = 29C093471DCB388100C09963 /* Smashtag.app */;
			productType = "com.apple.product-type.application";
		};
/* End PBXNativeTarget section */

/* Begin PBXProject section */
		29C0933F1DCB388100C09963 /* Project object */ = {
			isa = PBXProject;
			attributes = {
				LastSwiftUpdateCheck = 0800;
				LastUpgradeCheck = 0800;
				ORGANIZATIONNAME = IBM;
				TargetAttributes = {
					29C093461DCB388100C09963 = {
						CreatedOnToolsVersion = 8.0;
						ProvisioningStyle = Automatic;
					};
				};
			};
			buildConfigurationList = 29C093421DCB388100C09963 /* Build configuration list for PBXProject "Smashtag" */;
			compatibilityVersion = "Xcode 3.2";
			developmentRegion = English;
			hasScannedForEncodings = 0;
			knownRegions = (
				en,
				Base,
			);
			mainGroup = 29C0933E1DCB388100C09963;
			productRefGroup = 29C093481DCB388100C09963 /* Products */;
			projectDirPath = "";
			projectRoot = "";
			targets = (
				29C093461DCB388100C09963 /* Smashtag */,
			);
		};
/* End PBXProject section */

/* Begin PBXResourcesBuildPhase section */
		29C093451DCB388100C09963 /* Resources */ = {
			isa = PBXResourcesBuildPhase;
			buildActionMask = 2147483647;
			files = (
				29C093551DCB388100C09963 /* LaunchScreen.storyboard in Resources */,
				29C093521DCB388100C09963 /* Assets.xcassets in Resources */,
				29C093501DCB388100C09963 /* Main.storyboard in Resources */,
			);
			runOnlyForDeploymentPostprocessing = 0;
		};
/* End PBXResourcesBuildPhase section */

/* Begin PBXSourcesBuildPhase section */
		29C093431DCB388100C09963 /* Sources */ = {
			isa = PBXSourcesBuildPhase;
			buildActionMask = 2147483647;
			files = (
				29A6C68E1DD084EC00B954ED /* TwitterUser+CoreDataClass.swift in Sources */,
				29A6C6901DD084EC00B954ED /* Tweet+CoreDataClass.swift in Sources */,
				29C0935E1DCB395A00C09963 /* TweetTableTableViewController.swift in Sources */,
				29C0934B1DCB388100C09963 /* AppDelegate.swift in Sources */,
				29A6C6891DD081C000B954ED /* Model.xcdatamodeld in Sources */,
				29A6C6651DD07F6000B954ED /* TweetersTableViewController.swift in Sources */,
				29A6C68F1DD084EC00B954ED /* TwitterUser+CoreDataProperties.swift in Sources */,
				29A6C6911DD084EC00B954ED /* Tweet+CoreDataProperties.swift in Sources */,
				29B5A9631DD9BA280015DBDF /* CoreDataTableViewController.swift in Sources */,
				29C0937A1DCB887500C09963 /* TweetTableViewCell.swift in Sources */,
			);
			runOnlyForDeploymentPostprocessing = 0;
		};
/* End PBXSourcesBuildPhase section */

/* Begin PBXVariantGroup section */
		29C0934E1DCB388100C09963 /* Main.storyboard */ = {
			isa = PBXVariantGroup;
			children = (
				29C0934F1DCB388100C09963 /* Base */,
			);
			name = Main.storyboard;
			sourceTree = "<group>";
		};
		29C093531DCB388100C09963 /* LaunchScreen.storyboard */ = {
			isa = PBXVariantGroup;
			children = (
				29C093541DCB388100C09963 /* Base */,
			);
			name = LaunchScreen.storyboard;
			sourceTree = "<group>";
		};
/* End PBXVariantGroup section */

/* Begin XCBuildConfiguration section */
		29C093571DCB388100C09963 /* Debug */ = {
			isa = XCBuildConfiguration;
			buildSettings = {
				ALWAYS_SEARCH_USER_PATHS = NO;
				CLANG_ANALYZER_NONNULL = YES;
				CLANG_CXX_LANGUAGE_STANDARD = "gnu++0x";
				CLANG_CXX_LIBRARY = "libc++";
				CLANG_ENABLE_MODULES = YES;
				CLANG_ENABLE_OBJC_ARC = YES;
				CLANG_WARN_BOOL_CONVERSION = YES;
				CLANG_WARN_CONSTANT_CONVERSION = YES;
				CLANG_WARN_DIRECT_OBJC_ISA_USAGE = YES_ERROR;
				CLANG_WARN_DOCUMENTATION_COMMENTS = YES;
				CLANG_WARN_EMPTY_BODY = YES;
				CLANG_WARN_ENUM_CONVERSION = YES;
				CLANG_WARN_INFINITE_RECURSION = YES;
				CLANG_WARN_INT_CONVERSION = YES;
				CLANG_WARN_OBJC_ROOT_CLASS = YES_ERROR;
				CLANG_WARN_SUSPICIOUS_MOVES = YES;
				CLANG_WARN_UNREACHABLE_CODE = YES;
				CLANG_WARN__DUPLICATE_METHOD_MATCH = YES;
				"CODE_SIGN_IDENTITY[sdk=iphoneos*]" = "iPhone Developer";
				COPY_PHASE_STRIP = NO;
				DEBUG_INFORMATION_FORMAT = dwarf;
				ENABLE_STRICT_OBJC_MSGSEND = YES;
				ENABLE_TESTABILITY = YES;
				GCC_C_LANGUAGE_STANDARD = gnu99;
				GCC_DYNAMIC_NO_PIC = NO;
				GCC_NO_COMMON_BLOCKS = YES;
				GCC_OPTIMIZATION_LEVEL = 0;
				GCC_PREPROCESSOR_DEFINITIONS = (
					"DEBUG=1",
					"$(inherited)",
				);
				GCC_WARN_64_TO_32_BIT_CONVERSION = YES;
				GCC_WARN_ABOUT_RETURN_TYPE = YES_ERROR;
				GCC_WARN_UNDECLARED_SELECTOR = YES;
				GCC_WARN_UNINITIALIZED_AUTOS = YES_AGGRESSIVE;
				GCC_WARN_UNUSED_FUNCTION = YES;
				GCC_WARN_UNUSED_VARIABLE = YES;
				IPHONEOS_DEPLOYMENT_TARGET = 10.0;
				MTL_ENABLE_DEBUG_INFO = YES;
				ONLY_ACTIVE_ARCH = YES;
				SDKROOT = iphoneos;
				SWIFT_ACTIVE_COMPILATION_CONDITIONS = DEBUG;
				SWIFT_OPTIMIZATION_LEVEL = "-Onone";
			};
			name = Debug;
		};
		29C093581DCB388100C09963 /* Release */ = {
			isa = XCBuildConfiguration;
			buildSettings = {
				ALWAYS_SEARCH_USER_PATHS = NO;
				CLANG_ANALYZER_NONNULL = YES;
				CLANG_CXX_LANGUAGE_STANDARD = "gnu++0x";
				CLANG_CXX_LIBRARY = "libc++";
				CLANG_ENABLE_MODULES = YES;
				CLANG_ENABLE_OBJC_ARC = YES;
				CLANG_WARN_BOOL_CONVERSION = YES;
				CLANG_WARN_CONSTANT_CONVERSION = YES;
				CLANG_WARN_DIRECT_OBJC_ISA_USAGE = YES_ERROR;
				CLANG_WARN_DOCUMENTATION_COMMENTS = YES;
				CLANG_WARN_EMPTY_BODY = YES;
				CLANG_WARN_ENUM_CONVERSION = YES;
				CLANG_WARN_INFINITE_RECURSION = YES;
				CLANG_WARN_INT_CONVERSION = YES;
				CLANG_WARN_OBJC_ROOT_CLASS = YES_ERROR;
				CLANG_WARN_SUSPICIOUS_MOVES = YES;
				CLANG_WARN_UNREACHABLE_CODE = YES;
				CLANG_WARN__DUPLICATE_METHOD_MATCH = YES;
				"CODE_SIGN_IDENTITY[sdk=iphoneos*]" = "iPhone Developer";
				COPY_PHASE_STRIP = NO;
				DEBUG_INFORMATION_FORMAT = "dwarf-with-dsym";
				ENABLE_NS_ASSERTIONS = NO;
				ENABLE_STRICT_OBJC_MSGSEND = YES;
				GCC_C_LANGUAGE_STANDARD = gnu99;
				GCC_NO_COMMON_BLOCKS = YES;
				GCC_WARN_64_TO_32_BIT_CONVERSION = YES;
				GCC_WARN_ABOUT_RETURN_TYPE = YES_ERROR;
				GCC_WARN_UNDECLARED_SELECTOR = YES;
				GCC_WARN_UNINITIALIZED_AUTOS = YES_AGGRESSIVE;
				GCC_WARN_UNUSED_FUNCTION = YES;
				GCC_WARN_UNUSED_VARIABLE = YES;
				IPHONEOS_DEPLOYMENT_TARGET = 10.0;
				MTL_ENABLE_DEBUG_INFO = NO;
				SDKROOT = iphoneos;
				SWIFT_OPTIMIZATION_LEVEL = "-Owholemodule";
				VALIDATE_PRODUCT = YES;
			};
			name = Release;
		};
		29C0935A1DCB388100C09963 /* Debug */ = {
			isa = XCBuildConfiguration;
			buildSettings = {
				ASSETCATALOG_COMPILER_APPICON_NAME = AppIcon;
				INFOPLIST_FILE = Smashtag/Info.plist;
				LD_RUNPATH_SEARCH_PATHS = "$(inherited) @executable_path/Frameworks";
				PRODUCT_BUNDLE_IDENTIFIER = com.ibm.verse.panpan.Smashtag;
				PRODUCT_NAME = "$(TARGET_NAME)";
				SWIFT_VERSION = 3.0;
			};
			name = Debug;
		};
		29C0935B1DCB388100C09963 /* Release */ = {
			isa = XCBuildConfiguration;
			buildSettings = {
				ASSETCATALOG_COMPILER_APPICON_NAME = AppIcon;
				INFOPLIST_FILE = Smashtag/Info.plist;
				LD_RUNPATH_SEARCH_PATHS = "$(inherited) @executable_path/Frameworks";
				PRODUCT_BUNDLE_IDENTIFIER = com.ibm.verse.panpan.Smashtag;
				PRODUCT_NAME = "$(TARGET_NAME)";
				SWIFT_VERSION = 3.0;
			};
			name = Release;
		};
/* End XCBuildConfiguration section */

/* Begin XCConfigurationList section */
		29C093421DCB388100C09963 /* Build configuration list for PBXProject "Smashtag" */ = {
			isa = XCConfigurationList;
			buildConfigurations = (
				29C093571DCB388100C09963 /* Debug */,
				29C093581DCB388100C09963 /* Release */,
			);
			defaultConfigurationIsVisible = 0;
			defaultConfigurationName = Release;
		};
		29C093591DCB388100C09963 /* Build configuration list for PBXNativeTarget "Smashtag" */ = {
			isa = XCConfigurationList;
			buildConfigurations = (
				29C0935A1DCB388100C09963 /* Debug */,
				29C0935B1DCB388100C09963 /* Release */,
			);
			defaultConfigurationIsVisible = 0;
			defaultConfigurationName = Release;
		};
/* End XCConfigurationList section */

/* Begin XCVersionGroup section */
		29A6C6871DD081C000B954ED /* Model.xcdatamodeld */ = {
			isa = XCVersionGroup;
			children = (
				29A6C6881DD081C000B954ED /* Model.xcdatamodel */,
			);
			currentVersion = 29A6C6881DD081C000B954ED /* Model.xcdatamodel */;
			path = Model.xcdatamodeld;
			sourceTree = "<group>";
			versionGroupType = wrapper.xcdatamodel;
		};
/* End XCVersionGroup section */
	};
	rootObject = 29C0933F1DCB388100C09963 /* Project object */;
}
